
Microsoft Visual Studio Solution File, Format Version 12.00
# Visual Studio Version 17
VisualStudioVersion = 17.9.34607.119
MinimumVisualStudioVersion = 10.0.40219.1
Project("{888888A0-9F3D-457C-B088-3A5042F75D52}") = "KM_Laba3", "KM_Laba3\KM_Laba3.pyproj", "{6BFCC82F-FD1B-414E-9616-165CD3150860}"
EndProject
Global
	GlobalSection(SolutionConfigurationPlatforms) = preSolution
		Debug|Any CPU = Debug|Any CPU
		Release|Any CPU = Release|Any CPU
	EndGlobalSection
	GlobalSection(ProjectConfigurationPlatforms) = postSolution
		{6BFCC82F-FD1B-414E-9616-165CD3150860}.Debug|Any CPU.ActiveCfg = Debug|Any CPU
		{6BFCC82F-FD1B-414E-9616-165CD3150860}.Release|Any CPU.ActiveCfg = Release|Any CPU
	EndGlobalSection
	GlobalSection(SolutionProperties) = preSolution
		HideSolutionNode = FALSE
	EndGlobalSection
	GlobalSection(ExtensibilityGlobals) = postSolution
		SolutionGuid = {255335FC-62D4-4363-8523-4ACB40B8851D}
	EndGlobalSection
EndGlobal
